
Microsoft Visual Studio Solution File, Format Version 12.00
# Visual Studio Version 16
VisualStudioVersion = 16.0.31019.35
MinimumVisualStudioVersion = 10.0.40219.1
Project("{FAE04EC0-301F-11D3-BF4B-00C04F79EFBC}") = "AwareChallenge", "AwareChallenge\AwareChallenge.csproj", "{C56EAFE1-C9D8-4E15-B287-AE040BC192D3}"
EndProject
Project("{FAE04EC0-301F-11D3-BF4B-00C04F79EFBC}") = "AwareChallengeTests2", "AwareChallengeTests2\AwareChallengeTests2.csproj", "{6B27C26F-9143-4ED1-834D-50D4576A4572}"
EndProject
Global
	GlobalSection(SolutionConfigurationPlatforms) = preSolution
		Debug|Any CPU = Debug|Any CPU
		Release|Any CPU = Release|Any CPU
	EndGlobalSection
	GlobalSection(ProjectConfigurationPlatforms) = postSolution
		{C56EAFE1-C9D8-4E15-B287-AE040BC192D3}.Debug|Any CPU.ActiveCfg = Debug|Any CPU
		{C56EAFE1-C9D8-4E15-B287-AE040BC192D3}.Debug|Any CPU.Build.0 = Debug|Any CPU
		{C56EAFE1-C9D8-4E15-B287-AE040BC192D3}.Release|Any CPU.ActiveCfg = Release|Any CPU
		{C56EAFE1-C9D8-4E15-B287-AE040BC192D3}.Release|Any CPU.Build.0 = Release|Any CPU
		{6B27C26F-9143-4ED1-834D-50D4576A4572}.Debug|Any CPU.ActiveCfg = Debug|Any CPU
		{6B27C26F-9143-4ED1-834D-50D4576A4572}.Debug|Any CPU.Build.0 = Debug|Any CPU
		{6B27C26F-9143-4ED1-834D-50D4576A4572}.Release|Any CPU.ActiveCfg = Release|Any CPU
		{6B27C26F-9143-4ED1-834D-50D4576A4572}.Release|Any CPU.Build.0 = Release|Any CPU
	EndGlobalSection
	GlobalSection(SolutionProperties) = preSolution
		HideSolutionNode = FALSE
	EndGlobalSection
	GlobalSection(ExtensibilityGlobals) = postSolution
		SolutionGuid = {829955AF-2EC8-475F-9DB1-C85D0D414D50}
	EndGlobalSection
EndGlobal
